{
  "name": "youtube-jquery",
  "version": "1.0.0",
  "lockfileVersion": 1,
  "requires": true,
  "dependencies": {
    "axios": {
      "version": "0.7.0",
      "resolved": "https://registry.npmjs.org/axios/-/axios-0.7.0.tgz",
      "integrity": "sha1-SJwmkETVBm36LGTHScsTGxdvSno="
    },
    "bootstrap": {
      "version": "3.3.7",
      "resolved": "https://registry.npmjs.org/bootstrap/-/bootstrap-3.3.7.tgz",
      "integrity": "sha1-WjiTlFSfIzMIdaOxUGVldPip63E="
    },
    "jquery": {
      "version": "3.2.1",
      "resolved": "https://registry.npmjs.org/jquery/-/jquery-3.2.1.tgz",
      "integrity": "sha1-XE2d5lKvbNCncBVKYxu6ErAVx4c="
    },
    "youtube-api-search": {
      "version": "0.0.5",
      "resolved": "https://registry.npmjs.org/youtube-api-search/-/youtube-api-search-0.0.5.tgz",
      "integrity": "sha1-ndaG3nYv8lBKkCiMV/zlo3BkMAI=",
      "requires": {
        "axios": "0.7.0"
      }
    }
  }
}
